
Microsoft Visual Studio Solution File, Format Version 12.00
# Visual Studio Version 16
VisualStudioVersion = 16.0.29230.47
MinimumVisualStudioVersion = 10.0.40219.1
Project("{FAE04EC0-301F-11D3-BF4B-00C04F79EFBC}") = "MkmApi", "MkmApi.csproj", "{B453C556-46CB-48DD-AA55-8BB8CB87EBCE}"
EndProject
Global
	GlobalSection(SolutionConfigurationPlatforms) = preSolution
		Debug|Any CPU = Debug|Any CPU
		Release|Any CPU = Release|Any CPU
	EndGlobalSection
	GlobalSection(ProjectConfigurationPlatforms) = postSolution
		{B453C556-46CB-48DD-AA55-8BB8CB87EBCE}.Debug|Any CPU.ActiveCfg = Debug|Any CPU
		{B453C556-46CB-48DD-AA55-8BB8CB87EBCE}.Debug|Any CPU.Build.0 = Debug|Any CPU
		{B453C556-46CB-48DD-AA55-8BB8CB87EBCE}.Release|Any CPU.ActiveCfg = Release|Any CPU
		{B453C556-46CB-48DD-AA55-8BB8CB87EBCE}.Release|Any CPU.Build.0 = Release|Any CPU
	EndGlobalSection
	GlobalSection(SolutionProperties) = preSolution
		HideSolutionNode = FALSE
	EndGlobalSection
	GlobalSection(ExtensibilityGlobals) = postSolution
		SolutionGuid = {6AE3BBA3-F8E7-44C2-A641-C6DFD1368B48}
	EndGlobalSection
EndGlobal
